
Microsoft Visual Studio Solution File, Format Version 12.00
# Visual Studio Version 16
VisualStudioVersion = 16.0.31005.135
MinimumVisualStudioVersion = 10.0.40219.1
Project("{FAE04EC0-301F-11D3-BF4B-00C04F79EFBC}") = "CodedUITestProject472", "CodedUITestProject472\CodedUITestProject472.csproj", "{66323EEA-8155-4116-97D8-511DF84C4CF2}"
EndProject
Global
	GlobalSection(SolutionConfigurationPlatforms) = preSolution
		Debug|Any CPU = Debug|Any CPU
		Release|Any CPU = Release|Any CPU
	EndGlobalSection
	GlobalSection(ProjectConfigurationPlatforms) = postSolution
		{66323EEA-8155-4116-97D8-511DF84C4CF2}.Debug|Any CPU.ActiveCfg = Debug|Any CPU
		{66323EEA-8155-4116-97D8-511DF84C4CF2}.Debug|Any CPU.Build.0 = Debug|Any CPU
		{66323EEA-8155-4116-97D8-511DF84C4CF2}.Release|Any CPU.ActiveCfg = Release|Any CPU
		{66323EEA-8155-4116-97D8-511DF84C4CF2}.Release|Any CPU.Build.0 = Release|Any CPU
	EndGlobalSection
	GlobalSection(SolutionProperties) = preSolution
		HideSolutionNode = FALSE
	EndGlobalSection
	GlobalSection(ExtensibilityGlobals) = postSolution
		SolutionGuid = {46407D81-9A81-4739-82D9-353B310E7793}
	EndGlobalSection
EndGlobal
